
Microsoft Visual Studio Solution File, Format Version 12.00
# Visual Studio Version 17
VisualStudioVersion = 17.4.33205.214
MinimumVisualStudioVersion = 10.0.40219.1
Project("{FAE04EC0-301F-11D3-BF4B-00C04F79EFBC}") = "MyYoutubeDowloader", "MyYoutubeDowloader.csproj", "{97BECC20-52D8-4311-AA3B-578E2DBB89AA}"
EndProject
Global
	GlobalSection(SolutionConfigurationPlatforms) = preSolution
		Debug|Any CPU = Debug|Any CPU
		Release|Any CPU = Release|Any CPU
	EndGlobalSection
	GlobalSection(ProjectConfigurationPlatforms) = postSolution
		{97BECC20-52D8-4311-AA3B-578E2DBB89AA}.Debug|Any CPU.ActiveCfg = Debug|Any CPU
		{97BECC20-52D8-4311-AA3B-578E2DBB89AA}.Debug|Any CPU.Build.0 = Debug|Any CPU
		{97BECC20-52D8-4311-AA3B-578E2DBB89AA}.Release|Any CPU.ActiveCfg = Release|Any CPU
		{97BECC20-52D8-4311-AA3B-578E2DBB89AA}.Release|Any CPU.Build.0 = Release|Any CPU
	EndGlobalSection
	GlobalSection(SolutionProperties) = preSolution
		HideSolutionNode = FALSE
	EndGlobalSection
	GlobalSection(ExtensibilityGlobals) = postSolution
		SolutionGuid = {D5869286-6A0F-4276-874D-EF2E487BB941}
	EndGlobalSection
EndGlobal
